
Microsoft Visual Studio Solution File, Format Version 12.00
# Visual Studio Version 17
VisualStudioVersion = 17.0.31903.59
MinimumVisualStudioVersion = 10.0.40219.1
Project("{2150E333-8FDC-42A3-9474-1A3956D46DE8}") = "src", "src", "{827E0CD3-B72D-47B6-A68D-7590B98EB39B}"
EndProject
Project("{FAE04EC0-301F-11D3-BF4B-00C04F79EFBC}") = "Domain", "src\Domain\Domain.csproj", "{E2C058F3-FE8F-4ACD-8928-4F787BBD1F17}"
EndProject
Project("{FAE04EC0-301F-11D3-BF4B-00C04F79EFBC}") = "Application", "src\Application\Application.csproj", "{11168767-5E45-44E0-9986-97FD8CDDDB77}"
EndProject
Project("{FAE04EC0-301F-11D3-BF4B-00C04F79EFBC}") = "Infrastructure", "src\Infrastructure\Infrastructure.csproj", "{EFDABD18-90F3-49DA-8D85-5F8F18D4437D}"
EndProject
Project("{FAE04EC0-301F-11D3-BF4B-00C04F79EFBC}") = "Web", "src\Presentation\Web\Web.csproj", "{B5E5FFA0-F64A-4EA3-AD1F-033FA7A13BE7}"
EndProject
Global
	GlobalSection(SolutionConfigurationPlatforms) = preSolution
		Debug|Any CPU = Debug|Any CPU
		Debug|x64 = Debug|x64
		Debug|x86 = Debug|x86
		Release|Any CPU = Release|Any CPU
		Release|x64 = Release|x64
		Release|x86 = Release|x86
	EndGlobalSection
	GlobalSection(ProjectConfigurationPlatforms) = postSolution
		{E2C058F3-FE8F-4ACD-8928-4F787BBD1F17}.Debug|Any CPU.ActiveCfg = Debug|Any CPU
		{E2C058F3-FE8F-4ACD-8928-4F787BBD1F17}.Debug|Any CPU.Build.0 = Debug|Any CPU
		{E2C058F3-FE8F-4ACD-8928-4F787BBD1F17}.Debug|x64.ActiveCfg = Debug|Any CPU
		{E2C058F3-FE8F-4ACD-8928-4F787BBD1F17}.Debug|x64.Build.0 = Debug|Any CPU
		{E2C058F3-FE8F-4ACD-8928-4F787BBD1F17}.Debug|x86.ActiveCfg = Debug|Any CPU
		{E2C058F3-FE8F-4ACD-8928-4F787BBD1F17}.Debug|x86.Build.0 = Debug|Any CPU
		{E2C058F3-FE8F-4ACD-8928-4F787BBD1F17}.Release|Any CPU.ActiveCfg = Release|Any CPU
		{E2C058F3-FE8F-4ACD-8928-4F787BBD1F17}.Release|Any CPU.Build.0 = Release|Any CPU
		{E2C058F3-FE8F-4ACD-8928-4F787BBD1F17}.Release|x64.ActiveCfg = Release|Any CPU
		{E2C058F3-FE8F-4ACD-8928-4F787BBD1F17}.Release|x64.Build.0 = Release|Any CPU
		{E2C058F3-FE8F-4ACD-8928-4F787BBD1F17}.Release|x86.ActiveCfg = Release|Any CPU
		{E2C058F3-FE8F-4ACD-8928-4F787BBD1F17}.Release|x86.Build.0 = Release|Any CPU
		{11168767-5E45-44E0-9986-97FD8CDDDB77}.Debug|Any CPU.ActiveCfg = Debug|Any CPU
		{11168767-5E45-44E0-9986-97FD8CDDDB77}.Debug|Any CPU.Build.0 = Debug|Any CPU
		{11168767-5E45-44E0-9986-97FD8CDDDB77}.Debug|x64.ActiveCfg = Debug|Any CPU
		{11168767-5E45-44E0-9986-97FD8CDDDB77}.Debug|x64.Build.0 = Debug|Any CPU
		{11168767-5E45-44E0-9986-97FD8CDDDB77}.Debug|x86.ActiveCfg = Debug|Any CPU
		{11168767-5E45-44E0-9986-97FD8CDDDB77}.Debug|x86.Build.0 = Debug|Any CPU
		{11168767-5E45-44E0-9986-97FD8CDDDB77}.Release|Any CPU.ActiveCfg = Release|Any CPU
		{11168767-5E45-44E0-9986-97FD8CDDDB77}.Release|Any CPU.Build.0 = Release|Any CPU
		{11168767-5E45-44E0-9986-97FD8CDDDB77}.Release|x64.ActiveCfg = Release|Any CPU
		{11168767-5E45-44E0-9986-97FD8CDDDB77}.Release|x64.Build.0 = Release|Any CPU
		{11168767-5E45-44E0-9986-97FD8CDDDB77}.Release|x86.ActiveCfg = Release|Any CPU
		{11168767-5E45-44E0-9986-97FD8CDDDB77}.Release|x86.Build.0 = Release|Any CPU
		{EFDABD18-90F3-49DA-8D85-5F8F18D4437D}.Debug|Any CPU.ActiveCfg = Debug|Any CPU
		{EFDABD18-90F3-49DA-8D85-5F8F18D4437D}.Debug|Any CPU.Build.0 = Debug|Any CPU
		{EFDABD18-90F3-49DA-8D85-5F8F18D4437D}.Debug|x64.ActiveCfg = Debug|Any CPU
		{EFDABD18-90F3-49DA-8D85-5F8F18D4437D}.Debug|x64.Build.0 = Debug|Any CPU
		{EFDABD18-90F3-49DA-8D85-5F8F18D4437D}.Debug|x86.ActiveCfg = Debug|Any CPU
		{EFDABD18-90F3-49DA-8D85-5F8F18D4437D}.Debug|x86.Build.0 = Debug|Any CPU
		{EFDABD18-90F3-49DA-8D85-5F8F18D4437D}.Release|Any CPU.ActiveCfg = Release|Any CPU
		{EFDABD18-90F3-49DA-8D85-5F8F18D4437D}.Release|Any CPU.Build.0 = Release|Any CPU
		{EFDABD18-90F3-49DA-8D85-5F8F18D4437D}.Release|x64.ActiveCfg = Release|Any CPU
		{EFDABD18-90F3-49DA-8D85-5F8F18D4437D}.Release|x64.Build.0 = Release|Any CPU
		{EFDABD18-90F3-49DA-8D85-5F8F18D4437D}.Release|x86.ActiveCfg = Release|Any CPU
		{EFDABD18-90F3-49DA-8D85-5F8F18D4437D}.Release|x86.Build.0 = Release|Any CPU
		{B5E5FFA0-F64A-4EA3-AD1F-033FA7A13BE7}.Debug|Any CPU.ActiveCfg = Debug|Any CPU
		{B5E5FFA0-F64A-4EA3-AD1F-033FA7A13BE7}.Debug|Any CPU.Build.0 = Debug|Any CPU
		{B5E5FFA0-F64A-4EA3-AD1F-033FA7A13BE7}.Debug|x64.ActiveCfg = Debug|Any CPU
		{B5E5FFA0-F64A-4EA3-AD1F-033FA7A13BE7}.Debug|x64.Build.0 = Debug|Any CPU
		{B5E5FFA0-F64A-4EA3-AD1F-033FA7A13BE7}.Debug|x86.ActiveCfg = Debug|Any CPU
		{B5E5FFA0-F64A-4EA3-AD1F-033FA7A13BE7}.Debug|x86.Build.0 = Debug|Any CPU
		{B5E5FFA0-F64A-4EA3-AD1F-033FA7A13BE7}.Release|Any CPU.ActiveCfg = Release|Any CPU
		{B5E5FFA0-F64A-4EA3-AD1F-033FA7A13BE7}.Release|Any CPU.Build.0 = Release|Any CPU
		{B5E5FFA0-F64A-4EA3-AD1F-033FA7A13BE7}.Release|x64.ActiveCfg = Release|Any CPU
		{B5E5FFA0-F64A-4EA3-AD1F-033FA7A13BE7}.Release|x64.Build.0 = Release|Any CPU
		{B5E5FFA0-F64A-4EA3-AD1F-033FA7A13BE7}.Release|x86.ActiveCfg = Release|Any CPU
		{B5E5FFA0-F64A-4EA3-AD1F-033FA7A13BE7}.Release|x86.Build.0 = Release|Any CPU
	EndGlobalSection
	GlobalSection(SolutionProperties) = preSolution
		HideSolutionNode = FALSE
	EndGlobalSection
	GlobalSection(NestedProjects) = preSolution
		{E2C058F3-FE8F-4ACD-8928-4F787BBD1F17} = {827E0CD3-B72D-47B6-A68D-7590B98EB39B}
		{11168767-5E45-44E0-9986-97FD8CDDDB77} = {827E0CD3-B72D-47B6-A68D-7590B98EB39B}
		{EFDABD18-90F3-49DA-8D85-5F8F18D4437D} = {827E0CD3-B72D-47B6-A68D-7590B98EB39B}
		{B5E5FFA0-F64A-4EA3-AD1F-033FA7A13BE7} = {827E0CD3-B72D-47B6-A68D-7590B98EB39B}
	EndGlobalSection
	GlobalSection(ExtensibilityGlobals) = postSolution
		SolutionGuid = {6A082F7D-48FC-49E3-838E-925DFE21126A}
	EndGlobalSection
EndGlobal
